Microsoft Visual Studio Solution File, Format Version 12.00
# Visual Studio Version 17
VisualStudioVersion = 17.5.2.0
MinimumVisualStudioVersion = 10.0.40219.1
Project("{FAE04EC0-301F-11D3-BF4B-00C04F79EFBC}") = "StudyHub", "StudyHub.csproj", "{5A078AEF-2286-ACC6-015A-22727EA7B608}"
EndProject
Global
	GlobalSection(SolutionConfigurationPlatforms) = preSolution
		Debug|Any CPU = Debug|Any CPU
		Release|Any CPU = Release|Any CPU
	EndGlobalSection
	GlobalSection(ProjectConfigurationPlatforms) = postSolution
		{5A078AEF-2286-ACC6-015A-22727EA7B608}.Debug|Any CPU.ActiveCfg = Debug|Any CPU
		{5A078AEF-2286-ACC6-015A-22727EA7B608}.Debug|Any CPU.Build.0 = Debug|Any CPU
		{5A078AEF-2286-ACC6-015A-22727EA7B608}.Release|Any CPU.ActiveCfg = Release|Any CPU
		{5A078AEF-2286-ACC6-015A-22727EA7B608}.Release|Any CPU.Build.0 = Release|Any CPU
	EndGlobalSection
	GlobalSection(SolutionProperties) = preSolution
		HideSolutionNode = FALSE
	EndGlobalSection
	GlobalSection(ExtensibilityGlobals) = postSolution
		SolutionGuid = {D5B3CB1D-69CE-46B9-9B07-660FC053B761}
	EndGlobalSection
EndGlobal
