Microsoft Visual Studio Solution File, Format Version 12.00
# Visual Studio Version 17
VisualStudioVersion = 17.5.2.0
MinimumVisualStudioVersion = 10.0.40219.1
Project("{FAE04EC0-301F-11D3-BF4B-00C04F79EFBC}") = "OOP-practice", "OOP-practice.csproj", "{6C398769-7992-3A5D-A975-52D877D6E146}"
EndProject
Global
	GlobalSection(SolutionConfigurationPlatforms) = preSolution
		Debug|Any CPU = Debug|Any CPU
		Release|Any CPU = Release|Any CPU
	EndGlobalSection
	GlobalSection(ProjectConfigurationPlatforms) = postSolution
		{6C398769-7992-3A5D-A975-52D877D6E146}.Debug|Any CPU.ActiveCfg = Debug|Any CPU
		{6C398769-7992-3A5D-A975-52D877D6E146}.Debug|Any CPU.Build.0 = Debug|Any CPU
		{6C398769-7992-3A5D-A975-52D877D6E146}.Release|Any CPU.ActiveCfg = Release|Any CPU
		{6C398769-7992-3A5D-A975-52D877D6E146}.Release|Any CPU.Build.0 = Release|Any CPU
	EndGlobalSection
	GlobalSection(SolutionProperties) = preSolution
		HideSolutionNode = FALSE
	EndGlobalSection
	GlobalSection(ExtensibilityGlobals) = postSolution
		SolutionGuid = {C10E7327-6BF2-4397-930A-69165F7F861B}
	EndGlobalSection
EndGlobal
